// !$*UTF8*$!
{
	archiveVersion = 1;
	classes = {
	};
	objectVersion = 50;
	objects = {

/* Begin PBXBuildFile section */
		704D4D8125358F1800ECEB5F /* AppDelegate.swift in Sources */ = {isa = PBXBuildFile; fileRef = 704D4D8025358F1800ECEB5F /* AppDelegate.swift */; };
		704D4D8325358F1800ECEB5F /* SceneDelegate.swift in Sources */ = {isa = PBXBuildFile; fileRef = 704D4D8225358F1800ECEB5F /* SceneDelegate.swift */; };
		704D4D8525358F1800ECEB5F /* ViewController.swift in Sources */ = {isa = PBXBuildFile; fileRef = 704D4D8425358F1800ECEB5F /* ViewController.swift */; };
		704D4D8825358F1800ECEB5F /* Main.storyboard in Resources */ = {isa = PBXBuildFile; fileRef = 704D4D8625358F1800ECEB5F /* Main.storyboard */; };
		704D4D8A25358F1B00ECEB5F /* Assets.xcassets in Resources */ = {isa = PBXBuildFile; fileRef = 704D4D8925358F1B00ECEB5F /* Assets.xcassets */; };
		704D4D8D25358F1B00ECEB5F /* LaunchScreen.storyboard in Resources */ = {isa = PBXBuildFile; fileRef = 704D4D8B25358F1B00ECEB5F /* LaunchScreen.storyboard */; };
		704D4DC02535987900ECEB5F /* WelcomeViewController.swift in Sources */ = {isa = PBXBuildFile; fileRef = 704D4DBF2535987900ECEB5F /* WelcomeViewController.swift */; };
		704D4DC52535989700ECEB5F /* RegisterViewController.swift in Sources */ = {isa = PBXBuildFile; fileRef = 704D4DC42535989700ECEB5F /* RegisterViewController.swift */; };
		704D4DCA253598B600ECEB5F /* LoginViewController.swift in Sources */ = {isa = PBXBuildFile; fileRef = 704D4DC9253598B600ECEB5F /* LoginViewController.swift */; };
		704D4DCF253598CD00ECEB5F /* ChatViewController.swift in Sources */ = {isa = PBXBuildFile; fileRef = 704D4DCE253598CD00ECEB5F /* ChatViewController.swift */; };
/* End PBXBuildFile section */

/* Begin PBXContainerItemProxy section */
		704D4D9425358F1B00ECEB5F /* PBXContainerItemProxy */ = {
			isa = PBXContainerItemProxy;
			containerPortal = 704D4D7525358F1800ECEB5F /* Project object */;
			proxyType = 1;
			remoteGlobalIDString = 704D4D7C25358F1800ECEB5F;
			remoteInfo = MyChatApp;
		};
		704D4D9F25358F1C00ECEB5F /* PBXContainerItemProxy */ = {
			isa = PBXContainerItemProxy;
			containerPortal = 704D4D7525358F1800ECEB5F /* Project object */;
			proxyType = 1;
			remoteGlobalIDString = 704D4D7C25358F1800ECEB5F;
			remoteInfo = MyChatApp;
		};
/* End PBXContainerItemProxy section */

/* Begin PBXFileReference section */
		704D4D7D25358F1800ECEB5F /* MyChatApp.app */ = {isa = PBXFileReference; explicitFileType = wrapper.application; includeInIndex = 0; path = MyChatApp.app; sourceTree = BUILT_PRODUCTS_DIR; };
		704D4D8025358F1800ECEB5F /* AppDelegate.swift */ = {isa = PBXFileReference; lastKnownFileType = sourcecode.swift; path = AppDelegate.swift; sourceTree = "<group>"; };
		704D4D8225358F1800ECEB5F /* SceneDelegate.swift */ = {isa = PBXFileReference; lastKnownFileType = sourcecode.swift; path = SceneDelegate.swift; sourceTree = "<group>"; };
		704D4D8425358F1800ECEB5F /* ViewController.swift */ = {isa = PBXFileReference; lastKnownFileType = sourcecode.swift; path = ViewController.swift; sourceTree = "<group>"; };
		704D4D8725358F1800ECEB5F /* Base */ = {isa = PBXFileReference; lastKnownFileType = file.storyboard; name = Base; path = Base.lproj/Main.storyboard; sourceTree = "<group>"; };
		704D4D8925358F1B00ECEB5F /* Assets.xcassets */ = {isa = PBXFileReference; lastKnownFileType = folder.assetcatalog; path = Assets.xcassets; sourceTree = "<group>"; };
		704D4D8C25358F1B00ECEB5F /* Base */ = {isa = PBXFileReference; lastKnownFileType = file.storyboard; name = Base; path = Base.lproj/LaunchScreen.storyboard; sourceTree = "<group>"; };
		704D4D8E25358F1B00ECEB5F /* Info.plist */ = {isa = PBXFileReference; lastKnownFileType = text.plist.xml; path = Info.plist; sourceTree = "<group>"; };
		704D4D9325358F1B00ECEB5F /* MyChatAppTests.xctest */ = {isa = PBXFileReference; explicitFileType = wrapper.cfbundle; includeInIndex = 0; path = MyChatAppTests.xctest; sourceTree = BUILT_PRODUCTS_DIR; };
		704D4D9E25358F1C00ECEB5F /* MyChatAppUITests.xctest */ = {isa = PBXFileReference; explicitFileType = wrapper.cfbundle; includeInIndex = 0; path = MyChatAppUITests.xctest; sourceTree = BUILT_PRODUCTS_DIR; };
		704D4DBF2535987900ECEB5F /* WelcomeViewController.swift */ = {isa = PBXFileReference; lastKnownFileType = sourcecode.swift; path = WelcomeViewController.swift; sourceTree = "<group>"; };
		704D4DC42535989700ECEB5F /* RegisterViewController.swift */ = {isa = PBXFileReference; lastKnownFileType = sourcecode.swift; path = RegisterViewController.swift; sourceTree = "<group>"; };
		704D4DC9253598B600ECEB5F /* LoginViewController.swift */ = {isa = PBXFileReference; lastKnownFileType = sourcecode.swift; path = LoginViewController.swift; sourceTree = "<group>"; };
		704D4DCE253598CD00ECEB5F /* ChatViewController.swift */ = {isa = PBXFileReference; lastKnownFileType = sourcecode.swift; path = ChatViewController.swift; sourceTree = "<group>"; };
/* End PBXFileReference section */

/* Begin PBXFrameworksBuildPhase section */
		704D4D7A25358F1800ECEB5F /* Frameworks */ = {
			isa = PBXFrameworksBuildPhase;
			buildActionMask = 2147483647;
			files = (
			);
			runOnlyForDeploymentPostprocessing = 0;
		};
		704D4D9025358F1B00ECEB5F /* Frameworks */ = {
			isa = PBXFrameworksBuildPhase;
			buildActionMask = 2147483647;
			files = (
			);
			runOnlyForDeploymentPostprocessing = 0;
		};
		704D4D9B25358F1C00ECEB5F /* Frameworks */ = {
			isa = PBXFrameworksBuildPhase;
			buildActionMask = 2147483647;
			files = (
			);
			runOnlyForDeploymentPostprocessing = 0;
		};
/* End PBXFrameworksBuildPhase section */

/* Begin PBXGroup section */
		704D4D7425358F1800ECEB5F = {
			isa = PBXGroup;
			children = (
				704D4D7F25358F1800ECEB5F /* MyChatApp */,
				704D4D7E25358F1800ECEB5F /* Products */,
			);
			sourceTree = "<group>";
		};
		704D4D7E25358F1800ECEB5F /* Products */ = {
			isa = PBXGroup;
			children = (
				704D4D7D25358F1800ECEB5F /* MyChatApp.app */,
				704D4D9325358F1B00ECEB5F /* MyChatAppTests.xctest */,
				704D4D9E25358F1C00ECEB5F /* MyChatAppUITests.xctest */,
			);
			name = Products;
			sourceTree = "<group>";
		};
		704D4D7F25358F1800ECEB5F /* MyChatApp */ = {
			isa = PBXGroup;
			children = (
				704D4D8025358F1800ECEB5F /* AppDelegate.swift */,
				704D4D8225358F1800ECEB5F /* SceneDelegate.swift */,
				704D4DB525358FBD00ECEB5F /* Models */,
				704D4DB325358F7300ECEB5F /* Views */,
				704D4DB425358F9B00ECEB5F /* Controllers */,
				704D4D8925358F1B00ECEB5F /* Assets.xcassets */,
				704D4D8B25358F1B00ECEB5F /* LaunchScreen.storyboard */,
				704D4D8E25358F1B00ECEB5F /* Info.plist */,
			);
			path = MyChatApp;
			sourceTree = "<group>";
		};
		704D4DB325358F7300ECEB5F /* Views */ = {
			isa = PBXGroup;
			children = (
				704D4D8625358F1800ECEB5F /* Main.storyboard */,
			);
			path = Views;
			sourceTree = "<group>";
		};
		704D4DB425358F9B00ECEB5F /* Controllers */ = {
			isa = PBXGroup;
			children = (
				704D4D8425358F1800ECEB5F /* ViewController.swift */,
				704D4DBF2535987900ECEB5F /* WelcomeViewController.swift */,
				704D4DC42535989700ECEB5F /* RegisterViewController.swift */,
				704D4DC9253598B600ECEB5F /* LoginViewController.swift */,
				704D4DCE253598CD00ECEB5F /* ChatViewController.swift */,
			);
			path = Controllers;
			sourceTree = "<group>";
		};
		704D4DB525358FBD00ECEB5F /* Models */ = {
			isa = PBXGroup;
			children = (
			);
			path = Models;
			sourceTree = "<group>";
		};
/* End PBXGroup section */

/* Begin PBXNativeTarget section */
		704D4D7C25358F1800ECEB5F /* MyChatApp */ = {
			isa = PBXNativeTarget;
			buildConfigurationList = 704D4DA725358F1C00ECEB5F /* Build configuration list for PBXNativeTarget "MyChatApp" */;
			buildPhases = (
				704D4D7925358F1800ECEB5F /* Sources */,
				704D4D7A25358F1800ECEB5F /* Frameworks */,
				704D4D7B25358F1800ECEB5F /* Resources */,
			);
			buildRules = (
			);
			dependencies = (
			);
			name = MyChatApp;
			productName = MyChatApp;
			productReference = 704D4D7D25358F1800ECEB5F /* MyChatApp.app */;
			productType = "com.apple.product-type.application";
		};
		704D4D9225358F1B00ECEB5F /* MyChatAppTests */ = {
			isa = PBXNativeTarget;
			buildConfigurationList = 704D4DAA25358F1C00ECEB5F /* Build configuration list for PBXNativeTarget "MyChatAppTests" */;
			buildPhases = (
				704D4D8F25358F1B00ECEB5F /* Sources */,
				704D4D9025358F1B00ECEB5F /* Frameworks */,
				704D4D9125358F1B00ECEB5F /* Resources */,
			);
			buildRules = (
			);
			dependencies = (
				704D4D9525358F1B00ECEB5F /* PBXTargetDependency */,
			);
			name = MyChatAppTests;
			productName = MyChatAppTests;
			productReference = 704D4D9325358F1B00ECEB5F /* MyChatAppTests.xctest */;
			productType = "com.apple.product-type.bundle.unit-test";
		};
		704D4D9D25358F1C00ECEB5F /* MyChatAppUITests */ = {
			isa = PBXNativeTarget;
			buildConfigurationList = 704D4DAD25358F1C00ECEB5F /* Build configuration list for PBXNativeTarget "MyChatAppUITests" */;
			buildPhases = (
				704D4D9A25358F1C00ECEB5F /* Sources */,
				704D4D9B25358F1C00ECEB5F /* Frameworks */,
				704D4D9C25358F1C00ECEB5F /* Resources */,
			);
			buildRules = (
			);
			dependencies = (
				704D4DA025358F1C00ECEB5F /* PBXTargetDependency */,
			);
			name = MyChatAppUITests;
			productName = MyChatAppUITests;
			productReference = 704D4D9E25358F1C00ECEB5F /* MyChatAppUITests.xctest */;
			productType = "com.apple.product-type.bundle.ui-testing";
		};
/* End PBXNativeTarget section */

/* Begin PBXProject section */
		704D4D7525358F1800ECEB5F /* Project object */ = {
			isa = PBXProject;
			attributes = {
				LastSwiftUpdateCheck = 1200;
				LastUpgradeCheck = 1200;
				TargetAttributes = {
					704D4D7C25358F1800ECEB5F = {
						CreatedOnToolsVersion = 12.0.1;
					};
					704D4D9225358F1B00ECEB5F = {
						CreatedOnToolsVersion = 12.0.1;
						TestTargetID = 704D4D7C25358F1800ECEB5F;
					};
					704D4D9D25358F1C00ECEB5F = {
						CreatedOnToolsVersion = 12.0.1;
						TestTargetID = 704D4D7C25358F1800ECEB5F;
					};
				};
			};
			buildConfigurationList = 704D4D7825358F1800ECEB5F /* Build configuration list for PBXProject "MyChatApp" */;
			compatibilityVersion = "Xcode 9.3";
			developmentRegion = en;
			hasScannedForEncodings = 0;
			knownRegions = (
				en,
				Base,
			);
			mainGroup = 704D4D7425358F1800ECEB5F;
			productRefGroup = 704D4D7E25358F1800ECEB5F /* Products */;
			projectDirPath = "";
			projectRoot = "";
			targets = (
				704D4D7C25358F1800ECEB5F /* MyChatApp */,
				704D4D9225358F1B00ECEB5F /* MyChatAppTests */,
				704D4D9D25358F1C00ECEB5F /* MyChatAppUITests */,
			);
		};
/* End PBXProject section */

/* Begin PBXResourcesBuildPhase section */
		704D4D7B25358F1800ECEB5F /* Resources */ = {
			isa = PBXResourcesBuildPhase;
			buildActionMask = 2147483647;
			files = (
				704D4D8D25358F1B00ECEB5F /* LaunchScreen.storyboard in Resources */,
				704D4D8A25358F1B00ECEB5F /* Assets.xcassets in Resources */,
				704D4D8825358F1800ECEB5F /* Main.storyboard in Resources */,
			);
			runOnlyForDeploymentPostprocessing = 0;
		};
		704D4D9125358F1B00ECEB5F /* Resources */ = {
			isa = PBXResourcesBuildPhase;
			buildActionMask = 2147483647;
			files = (
			);
			runOnlyForDeploymentPostprocessing = 0;
		};
		704D4D9C25358F1C00ECEB5F /* Resources */ = {
			isa = PBXResourcesBuildPhase;
			buildActionMask = 2147483647;
			files = (
			);
			runOnlyForDeploymentPostprocessing = 0;
		};
/* End PBXResourcesBuildPhase section */

/* Begin PBXSourcesBuildPhase section */
		704D4D7925358F1800ECEB5F /* Sources */ = {
			isa = PBXSourcesBuildPhase;
			buildActionMask = 2147483647;
			files = (
				704D4DCA253598B600ECEB5F /* LoginViewController.swift in Sources */,
				704D4D8525358F1800ECEB5F /* ViewController.swift in Sources */,
				704D4DC52535989700ECEB5F /* RegisterViewController.swift in Sources */,
				704D4DCF253598CD00ECEB5F /* ChatViewController.swift in Sources */,
				704D4DC02535987900ECEB5F /* WelcomeViewController.swift in Sources */,
				704D4D8125358F1800ECEB5F /* AppDelegate.swift in Sources */,
				704D4D8325358F1800ECEB5F /* SceneDelegate.swift in Sources */,
			);
			runOnlyForDeploymentPostprocessing = 0;
		};
		704D4D8F25358F1B00ECEB5F /* Sources */ = {
			isa = PBXSourcesBuildPhase;
			buildActionMask = 2147483647;
			files = (
			);
			runOnlyForDeploymentPostprocessing = 0;
		};
		704D4D9A25358F1C00ECEB5F /* Sources */ = {
			isa = PBXSourcesBuildPhase;
			buildActionMask = 2147483647;
			files = (
			);
			runOnlyForDeploymentPostprocessing = 0;
		};
/* End PBXSourcesBuildPhase section */

/* Begin PBXTargetDependency section */
		704D4D9525358F1B00ECEB5F /* PBXTargetDependency */ = {
			isa = PBXTargetDependency;
			target = 704D4D7C25358F1800ECEB5F /* MyChatApp */;
			targetProxy = 704D4D9425358F1B00ECEB5F /* PBXContainerItemProxy */;
		};
		704D4DA025358F1C00ECEB5F /* PBXTargetDependency */ = {
			isa = PBXTargetDependency;
			target = 704D4D7C25358F1800ECEB5F /* MyChatApp */;
			targetProxy = 704D4D9F25358F1C00ECEB5F /* PBXContainerItemProxy */;
		};
/* End PBXTargetDependency section */

/* Begin PBXVariantGroup section */
		704D4D8625358F1800ECEB5F /* Main.storyboard */ = {
			isa = PBXVariantGroup;
			children = (
				704D4D8725358F1800ECEB5F /* Base */,
			);
			name = Main.storyboard;
			sourceTree = "<group>";
		};
		704D4D8B25358F1B00ECEB5F /* LaunchScreen.storyboard */ = {
			isa = PBXVariantGroup;
			children = (
				704D4D8C25358F1B00ECEB5F /* Base */,
			);
			name = LaunchScreen.storyboard;
			sourceTree = "<group>";
		};
/* End PBXVariantGroup section */

/* Begin XCBuildConfiguration section */
		704D4DA525358F1C00ECEB5F /* Debug */ = {
			isa = XCBuildConfiguration;
			buildSettings = {
				ALWAYS_SEARCH_USER_PATHS = NO;
				CLANG_ANALYZER_NONNULL = YES;
				CLANG_ANALYZER_NUMBER_OBJECT_CONVERSION = YES_AGGRESSIVE;
				CLANG_CXX_LANGUAGE_STANDARD = "gnu++14";
				CLANG_CXX_LIBRARY = "libc++";
				CLANG_ENABLE_MODULES = YES;
				CLANG_ENABLE_OBJC_ARC = YES;
				CLANG_ENABLE_OBJC_WEAK = YES;
				CLANG_WARN_BLOCK_CAPTURE_AUTORELEASING = YES;
				CLANG_WARN_BOOL_CONVERSION = YES;
				CLANG_WARN_COMMA = YES;
				CLANG_WARN_CONSTANT_CONVERSION = YES;
				CLANG_WARN_DEPRECATED_OBJC_IMPLEMENTATIONS = YES;
				CLANG_WARN_DIRECT_OBJC_ISA_USAGE = YES_ERROR;
				CLANG_WARN_DOCUMENTATION_COMMENTS = YES;
				CLANG_WARN_EMPTY_BODY = YES;
				CLANG_WARN_ENUM_CONVERSION = YES;
				CLANG_WARN_INFINITE_RECURSION = YES;
				CLANG_WARN_INT_CONVERSION = YES;
				CLANG_WARN_NON_LITERAL_NULL_CONVERSION = YES;
				CLANG_WARN_OBJC_IMPLICIT_RETAIN_SELF = YES;
				CLANG_WARN_OBJC_LITERAL_CONVERSION = YES;
				CLANG_WARN_OBJC_ROOT_CLASS = YES_ERROR;
				CLANG_WARN_QUOTED_INCLUDE_IN_FRAMEWORK_HEADER = YES;
				CLANG_WARN_RANGE_LOOP_ANALYSIS = YES;
				CLANG_WARN_STRICT_PROTOTYPES = YES;
				CLANG_WARN_SUSPICIOUS_MOVE = YES;
				CLANG_WARN_UNGUARDED_AVAILABILITY = YES_AGGRESSIVE;
				CLANG_WARN_UNREACHABLE_CODE = YES;
				CLANG_WARN__DUPLICATE_METHOD_MATCH = YES;
				COPY_PHASE_STRIP = NO;
				DEBUG_INFORMATION_FORMAT = dwarf;
				ENABLE_STRICT_OBJC_MSGSEND = YES;
				ENABLE_TESTABILITY = YES;
				GCC_C_LANGUAGE_STANDARD = gnu11;
				GCC_DYNAMIC_NO_PIC = NO;
				GCC_NO_COMMON_BLOCKS = YES;
				GCC_OPTIMIZATION_LEVEL = 0;
				GCC_PREPROCESSOR_DEFINITIONS = (
					"DEBUG=1",
					"$(inherited)",
				);
				GCC_WARN_64_TO_32_BIT_CONVERSION = YES;
				GCC_WARN_ABOUT_RETURN_TYPE = YES_ERROR;
				GCC_WARN_UNDECLARED_SELECTOR = YES;
				GCC_WARN_UNINITIALIZED_AUTOS = YES_AGGRESSIVE;
				GCC_WARN_UNUSED_FUNCTION = YES;
				GCC_WARN_UNUSED_VARIABLE = YES;
				IPHONEOS_DEPLOYMENT_TARGET = 14.0;
				MTL_ENABLE_DEBUG_INFO = INCLUDE_SOURCE;
				MTL_FAST_MATH = YES;
				ONLY_ACTIVE_ARCH = YES;
				SDKROOT = iphoneos;
				SWIFT_ACTIVE_COMPILATION_CONDITIONS = DEBUG;
				SWIFT_OPTIMIZATION_LEVEL = "-Onone";
			};
			name = Debug;
		};
		704D4DA625358F1C00ECEB5F /* Release */ = {
			isa = XCBuildConfiguration;
			buildSettings = {
				ALWAYS_SEARCH_USER_PATHS = NO;
				CLANG_ANALYZER_NONNULL = YES;
				CLANG_ANALYZER_NUMBER_OBJECT_CONVERSION = YES_AGGRESSIVE;
				CLANG_CXX_LANGUAGE_STANDARD = "gnu++14";
				CLANG_CXX_LIBRARY = "libc++";
				CLANG_ENABLE_MODULES = YES;
				CLANG_ENABLE_OBJC_ARC = YES;
				CLANG_ENABLE_OBJC_WEAK = YES;
				CLANG_WARN_BLOCK_CAPTURE_AUTORELEASING = YES;
				CLANG_WARN_BOOL_CONVERSION = YES;
				CLANG_WARN_COMMA = YES;
				CLANG_WARN_CONSTANT_CONVERSION = YES;
				CLANG_WARN_DEPRECATED_OBJC_IMPLEMENTATIONS = YES;
				CLANG_WARN_DIRECT_OBJC_ISA_USAGE = YES_ERROR;
				CLANG_WARN_DOCUMENTATION_COMMENTS = YES;
				CLANG_WARN_EMPTY_BODY = YES;
				CLANG_WARN_ENUM_CONVERSION = YES;
				CLANG_WARN_INFINITE_RECURSION = YES;
				CLANG_WARN_INT_CONVERSION = YES;
				CLANG_WARN_NON_LITERAL_NULL_CONVERSION = YES;
				CLANG_WARN_OBJC_IMPLICIT_RETAIN_SELF = YES;
				CLANG_WARN_OBJC_LITERAL_CONVERSION = YES;
				CLANG_WARN_OBJC_ROOT_CLASS = YES_ERROR;
				CLANG_WARN_QUOTED_INCLUDE_IN_FRAMEWORK_HEADER = YES;
				CLANG_WARN_RANGE_LOOP_ANALYSIS = YES;
				CLANG_WARN_STRICT_PROTOTYPES = YES;
				CLANG_WARN_SUSPICIOUS_MOVE = YES;
				CLANG_WARN_UNGUARDED_AVAILABILITY = YES_AGGRESSIVE;
				CLANG_WARN_UNREACHABLE_CODE = YES;
				CLANG_WARN__DUPLICATE_METHOD_MATCH = YES;
				COPY_PHASE_STRIP = NO;
				DEBUG_INFORMATION_FORMAT = "dwarf-with-dsym";
				ENABLE_NS_ASSERTIONS = NO;
				ENABLE_STRICT_OBJC_MSGSEND = YES;
				GCC_C_LANGUAGE_STANDARD = gnu11;
				GCC_NO_COMMON_BLOCKS = YES;
				GCC_WARN_64_TO_32_BIT_CONVERSION = YES;
				GCC_WARN_ABOUT_RETURN_TYPE = YES_ERROR;
				GCC_WARN_UNDECLARED_SELECTOR = YES;
				GCC_WARN_UNINITIALIZED_AUTOS = YES_AGGRESSIVE;
				GCC_WARN_UNUSED_FUNCTION = YES;
				GCC_WARN_UNUSED_VARIABLE = YES;
				IPHONEOS_DEPLOYMENT_TARGET = 14.0;
				MTL_ENABLE_DEBUG_INFO = NO;
				MTL_FAST_MATH = YES;
				SDKROOT = iphoneos;
				SWIFT_COMPILATION_MODE = wholemodule;
				SWIFT_OPTIMIZATION_LEVEL = "-O";
				VALIDATE_PRODUCT = YES;
			};
			name = Release;
		};
		704D4DA825358F1C00ECEB5F /* Debug */ = {
			isa = XCBuildConfiguration;
			buildSettings = {
				ASSETCATALOG_COMPILER_APPICON_NAME = AppIcon;
				ASSETCATALOG_COMPILER_GLOBAL_ACCENT_COLOR_NAME = AccentColor;
				CODE_SIGN_STYLE = Automatic;
				DEVELOPMENT_TEAM = 7YNSGQYQJ6;
				INFOPLIST_FILE = MyChatApp/Info.plist;
				IPHONEOS_DEPLOYMENT_TARGET = 13.0;
				LD_RUNPATH_SEARCH_PATHS = (
					"$(inherited)",
					"@executable_path/Frameworks",
				);
				PRODUCT_BUNDLE_IDENTIFIER = com.basnugroho.MyChatApp;
				PRODUCT_NAME = "$(TARGET_NAME)";
				SWIFT_VERSION = 5.0;
				TARGETED_DEVICE_FAMILY = 1;
			};
			name = Debug;
		};
		704D4DA925358F1C00ECEB5F /* Release */ = {
			isa = XCBuildConfiguration;
			buildSettings = {
				ASSETCATALOG_COMPILER_APPICON_NAME = AppIcon;
				ASSETCATALOG_COMPILER_GLOBAL_ACCENT_COLOR_NAME = AccentColor;
				CODE_SIGN_STYLE = Automatic;
				DEVELOPMENT_TEAM = 7YNSGQYQJ6;
				INFOPLIST_FILE = MyChatApp/Info.plist;
				IPHONEOS_DEPLOYMENT_TARGET = 13.0;
				LD_RUNPATH_SEARCH_PATHS = (
					"$(inherited)",
					"@executable_path/Frameworks",
				);
				PRODUCT_BUNDLE_IDENTIFIER = com.basnugroho.MyChatApp;
				PRODUCT_NAME = "$(TARGET_NAME)";
				SWIFT_VERSION = 5.0;
				TARGETED_DEVICE_FAMILY = 1;
			};
			name = Release;
		};
		704D4DAB25358F1C00ECEB5F /* Debug */ = {
			isa = XCBuildConfiguration;
			buildSettings = {
				ALWAYS_EMBED_SWIFT_STANDARD_LIBRARIES = YES;
				BUNDLE_LOADER = "$(TEST_HOST)";
				CODE_SIGN_STYLE = Automatic;
				DEVELOPMENT_TEAM = 7YNSGQYQJ6;
				INFOPLIST_FILE = MyChatAppTests/Info.plist;
				IPHONEOS_DEPLOYMENT_TARGET = 14.0;
				LD_RUNPATH_SEARCH_PATHS = (
					"$(inherited)",
					"@executable_path/Frameworks",
					"@loader_path/Frameworks",
				);
				PRODUCT_BUNDLE_IDENTIFIER = com.basnugroho.MyChatAppTests;
				PRODUCT_NAME = "$(TARGET_NAME)";
				SWIFT_VERSION = 5.0;
				TARGETED_DEVICE_FAMILY = "1,2";
				TEST_HOST = "$(BUILT_PRODUCTS_DIR)/MyChatApp.app/MyChatApp";
			};
			name = Debug;
		};
		704D4DAC25358F1C00ECEB5F /* Release */ = {
			isa = XCBuildConfiguration;
			buildSettings = {
				ALWAYS_EMBED_SWIFT_STANDARD_LIBRARIES = YES;
				BUNDLE_LOADER = "$(TEST_HOST)";
				CODE_SIGN_STYLE = Automatic;
				DEVELOPMENT_TEAM = 7YNSGQYQJ6;
				INFOPLIST_FILE = MyChatAppTests/Info.plist;
				IPHONEOS_DEPLOYMENT_TARGET = 14.0;
				LD_RUNPATH_SEARCH_PATHS = (
					"$(inherited)",
					"@executable_path/Frameworks",
					"@loader_path/Frameworks",
				);
				PRODUCT_BUNDLE_IDENTIFIER = com.basnugroho.MyChatAppTests;
				PRODUCT_NAME = "$(TARGET_NAME)";
				SWIFT_VERSION = 5.0;
				TARGETED_DEVICE_FAMILY = "1,2";
				TEST_HOST = "$(BUILT_PRODUCTS_DIR)/MyChatApp.app/MyChatApp";
			};
			name = Release;
		};
		704D4DAE25358F1C00ECEB5F /* Debug */ = {
			isa = XCBuildConfiguration;
			buildSettings = {
				ALWAYS_EMBED_SWIFT_STANDARD_LIBRARIES = YES;
				CODE_SIGN_STYLE = Automatic;
				DEVELOPMENT_TEAM = 7YNSGQYQJ6;
				INFOPLIST_FILE = MyChatAppUITests/Info.plist;
				LD_RUNPATH_SEARCH_PATHS = (
					"$(inherited)",
					"@executable_path/Frameworks",
					"@loader_path/Frameworks",
				);
				PRODUCT_BUNDLE_IDENTIFIER = com.basnugroho.MyChatAppUITests;
				PRODUCT_NAME = "$(TARGET_NAME)";
				SWIFT_VERSION = 5.0;
				TARGETED_DEVICE_FAMILY = "1,2";
				TEST_TARGET_NAME = MyChatApp;
			};
			name = Debug;
		};
		704D4DAF25358F1C00ECEB5F /* Release */ = {
			isa = XCBuildConfiguration;
			buildSettings = {
				ALWAYS_EMBED_SWIFT_STANDARD_LIBRARIES = YES;
				CODE_SIGN_STYLE = Automatic;
				DEVELOPMENT_TEAM = 7YNSGQYQJ6;
				INFOPLIST_FILE = MyChatAppUITests/Info.plist;
				LD_RUNPATH_SEARCH_PATHS = (
					"$(inherited)",
					"@executable_path/Frameworks",
					"@loader_path/Frameworks",
				);
				PRODUCT_BUNDLE_IDENTIFIER = com.basnugroho.MyChatAppUITests;
				PRODUCT_NAME = "$(TARGET_NAME)";
				SWIFT_VERSION = 5.0;
				TARGETED_DEVICE_FAMILY = "1,2";
				TEST_TARGET_NAME = MyChatApp;
			};
			name = Release;
		};
/* End XCBuildConfiguration section */

/* Begin XCConfigurationList section */
		704D4D7825358F1800ECEB5F /* Build configuration list for PBXProject "MyChatApp" */ = {
			isa = XCConfigurationList;
			buildConfigurations = (
				704D4DA525358F1C00ECEB5F /* Debug */,
				704D4DA625358F1C00ECEB5F /* Release */,
			);
			defaultConfigurationIsVisible = 0;
			defaultConfigurationName = Release;
		};
		704D4DA725358F1C00ECEB5F /* Build configuration list for PBXNativeTarget "MyChatApp" */ = {
			isa = XCConfigurationList;
			buildConfigurations = (
				704D4DA825358F1C00ECEB5F /* Debug */,
				704D4DA925358F1C00ECEB5F /* Release */,
			);
			defaultConfigurationIsVisible = 0;
			defaultConfigurationName = Release;
		};
		704D4DAA25358F1C00ECEB5F /* Build configuration list for PBXNativeTarget "MyChatAppTests" */ = {
			isa = XCConfigurationList;
			buildConfigurations = (
				704D4DAB25358F1C00ECEB5F /* Debug */,
				704D4DAC25358F1C00ECEB5F /* Release */,
			);
			defaultConfigurationIsVisible = 0;
			defaultConfigurationName = Release;
		};
		704D4DAD25358F1C00ECEB5F /* Build configuration list for PBXNativeTarget "MyChatAppUITests" */ = {
			isa = XCConfigurationList;
			buildConfigurations = (
				704D4DAE25358F1C00ECEB5F /* Debug */,
				704D4DAF25358F1C00ECEB5F /* Release */,
			);
			defaultConfigurationIsVisible = 0;
			defaultConfigurationName = Release;
		};
/* End XCConfigurationList section */
	};
	rootObject = 704D4D7525358F1800ECEB5F /* Project object */;
}
